
Microsoft Visual Studio Solution File, Format Version 12.00
# Visual Studio Version 16
VisualStudioVersion = 16.0.31410.357
MinimumVisualStudioVersion = 10.0.40219.1
Project("{FAE04EC0-301F-11D3-BF4B-00C04F79EFBC}") = "TestSqlProj.DAL", "TestSqlProj.DAL\TestSqlProj.DAL.csproj", "{CD40B677-2B98-4A7D-AB90-410C4152B786}"
EndProject
Project("{FAE04EC0-301F-11D3-BF4B-00C04F79EFBC}") = "TestSqlProj.Client", "TestSqlProj.Client\TestSqlProj.Client.csproj", "{C9FF3B71-B10D-40AF-9613-6D09EDE5361D}"
EndProject
Project("{FAE04EC0-301F-11D3-BF4B-00C04F79EFBC}") = "TestSqlProj.BLL", "TestSqlProj.BLL\TestSqlProj.BLL.csproj", "{84220BA0-57D2-40DB-8B03-5AB67543A83A}"
EndProject
Global
	GlobalSection(SolutionConfigurationPlatforms) = preSolution
		Debug|Any CPU = Debug|Any CPU
		Release|Any CPU = Release|Any CPU
	EndGlobalSection
	GlobalSection(ProjectConfigurationPlatforms) = postSolution
		{CD40B677-2B98-4A7D-AB90-410C4152B786}.Debug|Any CPU.ActiveCfg = Debug|Any CPU
		{CD40B677-2B98-4A7D-AB90-410C4152B786}.Debug|Any CPU.Build.0 = Debug|Any CPU
		{CD40B677-2B98-4A7D-AB90-410C4152B786}.Release|Any CPU.ActiveCfg = Release|Any CPU
		{CD40B677-2B98-4A7D-AB90-410C4152B786}.Release|Any CPU.Build.0 = Release|Any CPU
		{C9FF3B71-B10D-40AF-9613-6D09EDE5361D}.Debug|Any CPU.ActiveCfg = Debug|Any CPU
		{C9FF3B71-B10D-40AF-9613-6D09EDE5361D}.Debug|Any CPU.Build.0 = Debug|Any CPU
		{C9FF3B71-B10D-40AF-9613-6D09EDE5361D}.Release|Any CPU.ActiveCfg = Release|Any CPU
		{C9FF3B71-B10D-40AF-9613-6D09EDE5361D}.Release|Any CPU.Build.0 = Release|Any CPU
		{84220BA0-57D2-40DB-8B03-5AB67543A83A}.Debug|Any CPU.ActiveCfg = Debug|Any CPU
		{84220BA0-57D2-40DB-8B03-5AB67543A83A}.Debug|Any CPU.Build.0 = Debug|Any CPU
		{84220BA0-57D2-40DB-8B03-5AB67543A83A}.Release|Any CPU.ActiveCfg = Release|Any CPU
		{84220BA0-57D2-40DB-8B03-5AB67543A83A}.Release|Any CPU.Build.0 = Release|Any CPU
	EndGlobalSection
	GlobalSection(SolutionProperties) = preSolution
		HideSolutionNode = FALSE
	EndGlobalSection
	GlobalSection(ExtensibilityGlobals) = postSolution
		SolutionGuid = {F8F648D5-D5A6-4DD9-A86D-A4276C682578}
	EndGlobalSection
EndGlobal
